
Microsoft Visual Studio Solution File, Format Version 12.00
# Visual Studio Version 16
VisualStudioVersion = 16.0.30011.22
MinimumVisualStudioVersion = 10.0.40219.1
Project("{9A19103F-16F7-4668-BE54-9A1E7A4F7556}") = "SearchingApp", "SearchingApp\SearchingApp.csproj", "{1E31FE1F-B77A-41A2-9204-497444D0CE3B}"
EndProject
Project("{FAE04EC0-301F-11D3-BF4B-00C04F79EFBC}") = "ProblemSolving", "ProblemSolving\ProblemSolving.csproj", "{4A41AC7D-9AD3-4198-9D62-33D790064AD3}"
EndProject
Project("{FAE04EC0-301F-11D3-BF4B-00C04F79EFBC}") = "PuzzleEnvironment", "PuzzleEnvironment\PuzzleEnvironment.csproj", "{77D28910-D10D-4AF0-AF56-9FDF6C163B41}"
EndProject
Global
	GlobalSection(SolutionConfigurationPlatforms) = preSolution
		Debug|Any CPU = Debug|Any CPU
		Release|Any CPU = Release|Any CPU
	EndGlobalSection
	GlobalSection(ProjectConfigurationPlatforms) = postSolution
		{1E31FE1F-B77A-41A2-9204-497444D0CE3B}.Debug|Any CPU.ActiveCfg = Debug|Any CPU
		{1E31FE1F-B77A-41A2-9204-497444D0CE3B}.Debug|Any CPU.Build.0 = Debug|Any CPU
		{1E31FE1F-B77A-41A2-9204-497444D0CE3B}.Release|Any CPU.ActiveCfg = Release|Any CPU
		{1E31FE1F-B77A-41A2-9204-497444D0CE3B}.Release|Any CPU.Build.0 = Release|Any CPU
		{4A41AC7D-9AD3-4198-9D62-33D790064AD3}.Debug|Any CPU.ActiveCfg = Debug|Any CPU
		{4A41AC7D-9AD3-4198-9D62-33D790064AD3}.Debug|Any CPU.Build.0 = Debug|Any CPU
		{4A41AC7D-9AD3-4198-9D62-33D790064AD3}.Release|Any CPU.ActiveCfg = Release|Any CPU
		{4A41AC7D-9AD3-4198-9D62-33D790064AD3}.Release|Any CPU.Build.0 = Release|Any CPU
		{77D28910-D10D-4AF0-AF56-9FDF6C163B41}.Debug|Any CPU.ActiveCfg = Debug|Any CPU
		{77D28910-D10D-4AF0-AF56-9FDF6C163B41}.Debug|Any CPU.Build.0 = Debug|Any CPU
		{77D28910-D10D-4AF0-AF56-9FDF6C163B41}.Release|Any CPU.ActiveCfg = Release|Any CPU
		{77D28910-D10D-4AF0-AF56-9FDF6C163B41}.Release|Any CPU.Build.0 = Release|Any CPU
	EndGlobalSection
	GlobalSection(SolutionProperties) = preSolution
		HideSolutionNode = FALSE
	EndGlobalSection
	GlobalSection(ExtensibilityGlobals) = postSolution
		SolutionGuid = {A9B1FF81-6F87-4261-973E-17F52219701A}
	EndGlobalSection
EndGlobal
